
Microsoft Visual Studio Solution File, Format Version 12.00
# Visual Studio Version 17
VisualStudioVersion = 17.7.34031.279
MinimumVisualStudioVersion = 10.0.40219.1
Project("{8BC9CEB8-8B4A-11D0-8D11-00A0C91BC942}") = "13.2", "13.2\13.2.vcxproj", "{F9B9E3D4-B421-40EA-8FF7-DE3C52885AA3}"
EndProject
Project("{8BC9CEB8-8B4A-11D0-8D11-00A0C91BC942}") = "UnitTest1", "UnitTest1\UnitTest1.vcxproj", "{FD3314A5-2E67-4982-B6C2-B417FCCCA4BB}"
EndProject
Global
	GlobalSection(SolutionConfigurationPlatforms) = preSolution
		Debug|x64 = Debug|x64
		Debug|x86 = Debug|x86
		Release|x64 = Release|x64
		Release|x86 = Release|x86
	EndGlobalSection
	GlobalSection(ProjectConfigurationPlatforms) = postSolution
		{F9B9E3D4-B421-40EA-8FF7-DE3C52885AA3}.Debug|x64.ActiveCfg = Debug|x64
		{F9B9E3D4-B421-40EA-8FF7-DE3C52885AA3}.Debug|x64.Build.0 = Debug|x64
		{F9B9E3D4-B421-40EA-8FF7-DE3C52885AA3}.Debug|x86.ActiveCfg = Debug|Win32
		{F9B9E3D4-B421-40EA-8FF7-DE3C52885AA3}.Debug|x86.Build.0 = Debug|Win32
		{F9B9E3D4-B421-40EA-8FF7-DE3C52885AA3}.Release|x64.ActiveCfg = Release|x64
		{F9B9E3D4-B421-40EA-8FF7-DE3C52885AA3}.Release|x64.Build.0 = Release|x64
		{F9B9E3D4-B421-40EA-8FF7-DE3C52885AA3}.Release|x86.ActiveCfg = Release|Win32
		{F9B9E3D4-B421-40EA-8FF7-DE3C52885AA3}.Release|x86.Build.0 = Release|Win32
		{FD3314A5-2E67-4982-B6C2-B417FCCCA4BB}.Debug|x64.ActiveCfg = Debug|x64
		{FD3314A5-2E67-4982-B6C2-B417FCCCA4BB}.Debug|x64.Build.0 = Debug|x64
		{FD3314A5-2E67-4982-B6C2-B417FCCCA4BB}.Debug|x86.ActiveCfg = Debug|Win32
		{FD3314A5-2E67-4982-B6C2-B417FCCCA4BB}.Debug|x86.Build.0 = Debug|Win32
		{FD3314A5-2E67-4982-B6C2-B417FCCCA4BB}.Release|x64.ActiveCfg = Release|x64
		{FD3314A5-2E67-4982-B6C2-B417FCCCA4BB}.Release|x64.Build.0 = Release|x64
		{FD3314A5-2E67-4982-B6C2-B417FCCCA4BB}.Release|x86.ActiveCfg = Release|Win32
		{FD3314A5-2E67-4982-B6C2-B417FCCCA4BB}.Release|x86.Build.0 = Release|Win32
	EndGlobalSection
	GlobalSection(SolutionProperties) = preSolution
		HideSolutionNode = FALSE
	EndGlobalSection
	GlobalSection(ExtensibilityGlobals) = postSolution
		SolutionGuid = {BEF35E2C-C1B7-4836-9394-2A55A04F9EB5}
	EndGlobalSection
EndGlobal
